Microsoft Visual Studio Solution File, Format Version 12.00
# Visual Studio Version 17
VisualStudioVersion = 17.5.2.0
MinimumVisualStudioVersion = 10.0.40219.1
Project("{FAE04EC0-301F-11D3-BF4B-00C04F79EFBC}") = "backend_tally", "backend_tally\backend_tally.csproj", "{082732BE-F9DD-6B52-99D7-9A7BB9B7B415}"
EndProject
Global
	GlobalSection(SolutionConfigurationPlatforms) = preSolution
		Debug|Any CPU = Debug|Any CPU
		Release|Any CPU = Release|Any CPU
	EndGlobalSection
	GlobalSection(ProjectConfigurationPlatforms) = postSolution
		{082732BE-F9DD-6B52-99D7-9A7BB9B7B415}.Debug|Any CPU.ActiveCfg = Debug|Any CPU
		{082732BE-F9DD-6B52-99D7-9A7BB9B7B415}.Debug|Any CPU.Build.0 = Debug|Any CPU
		{082732BE-F9DD-6B52-99D7-9A7BB9B7B415}.Release|Any CPU.ActiveCfg = Release|Any CPU
		{082732BE-F9DD-6B52-99D7-9A7BB9B7B415}.Release|Any CPU.Build.0 = Release|Any CPU
	EndGlobalSection
	GlobalSection(SolutionProperties) = preSolution
		HideSolutionNode = FALSE
	EndGlobalSection
	GlobalSection(ExtensibilityGlobals) = postSolution
		SolutionGuid = {07823B32-6956-4311-AF4B-E78B538582BE}
	EndGlobalSection
EndGlobal
